
Microsoft Visual Studio Solution File, Format Version 12.00
# Visual Studio Version 17
VisualStudioVersion = 17.4.33213.308
MinimumVisualStudioVersion = 10.0.40219.1
Project("{FAE04EC0-301F-11D3-BF4B-00C04F79EFBC}") = "Jurnal_mod12_1302213108", "Jurnal_mod12_1302213108\Jurnal_mod12_1302213108.csproj", "{03361EA2-0EAD-4209-9C18-09FC5FC19D1B}"
EndProject
Global
	GlobalSection(SolutionConfigurationPlatforms) = preSolution
		Debug|Any CPU = Debug|Any CPU
		Release|Any CPU = Release|Any CPU
	EndGlobalSection
	GlobalSection(ProjectConfigurationPlatforms) = postSolution
		{03361EA2-0EAD-4209-9C18-09FC5FC19D1B}.Debug|Any CPU.ActiveCfg = Debug|Any CPU
		{03361EA2-0EAD-4209-9C18-09FC5FC19D1B}.Debug|Any CPU.Build.0 = Debug|Any CPU
		{03361EA2-0EAD-4209-9C18-09FC5FC19D1B}.Release|Any CPU.ActiveCfg = Release|Any CPU
		{03361EA2-0EAD-4209-9C18-09FC5FC19D1B}.Release|Any CPU.Build.0 = Release|Any CPU
	EndGlobalSection
	GlobalSection(SolutionProperties) = preSolution
		HideSolutionNode = FALSE
	EndGlobalSection
	GlobalSection(ExtensibilityGlobals) = postSolution
		SolutionGuid = {371CBE8A-D3F5-44E4-8ED0-793BAB69CADF}
	EndGlobalSection
EndGlobal
